
Microsoft Visual Studio Solution File, Format Version 12.00
# Visual Studio Version 17
VisualStudioVersion = 17.5.33414.496
MinimumVisualStudioVersion = 10.0.40219.1
Project("{9A19103F-16F7-4668-BE54-9A1E7A4F7556}") = "Albon.CryptographyTools", "CryptographyTools\Albon.CryptographyTools.csproj", "{4C39FD34-3667-49C4-A30A-31A118B16386}"
EndProject
Project("{FAE04EC0-301F-11D3-BF4B-00C04F79EFBC}") = "ConsoleApp", "ConsoleApp\ConsoleApp.csproj", "{2DDB6968-F7A1-4C15-871E-E9FDFC44A32A}"
EndProject
Global
	GlobalSection(SolutionConfigurationPlatforms) = preSolution
		Debug|Any CPU = Debug|Any CPU
		Release|Any CPU = Release|Any CPU
	EndGlobalSection
	GlobalSection(ProjectConfigurationPlatforms) = postSolution
		{4C39FD34-3667-49C4-A30A-31A118B16386}.Debug|Any CPU.ActiveCfg = Debug|Any CPU
		{4C39FD34-3667-49C4-A30A-31A118B16386}.Debug|Any CPU.Build.0 = Debug|Any CPU
		{4C39FD34-3667-49C4-A30A-31A118B16386}.Release|Any CPU.ActiveCfg = Release|Any CPU
		{4C39FD34-3667-49C4-A30A-31A118B16386}.Release|Any CPU.Build.0 = Release|Any CPU
		{2DDB6968-F7A1-4C15-871E-E9FDFC44A32A}.Debug|Any CPU.ActiveCfg = Debug|Any CPU
		{2DDB6968-F7A1-4C15-871E-E9FDFC44A32A}.Debug|Any CPU.Build.0 = Debug|Any CPU
		{2DDB6968-F7A1-4C15-871E-E9FDFC44A32A}.Release|Any CPU.ActiveCfg = Release|Any CPU
		{2DDB6968-F7A1-4C15-871E-E9FDFC44A32A}.Release|Any CPU.Build.0 = Release|Any CPU
	EndGlobalSection
	GlobalSection(SolutionProperties) = preSolution
		HideSolutionNode = FALSE
	EndGlobalSection
	GlobalSection(ExtensibilityGlobals) = postSolution
		SolutionGuid = {875E25C4-FC7E-4322-9F88-8E332E6B4E1C}
	EndGlobalSection
EndGlobal
